{
  "sources": {
    "yum": {
      "locked_version": "2.3.2"
    },
    "plenv": {
      "locked_version": "0.0.2",
      "git": "git://github.com/kentaro/chef-plenv.git",
      "ref": "b595642e4443f0ef26d09921b7f4bcfa0e17a497"
    },
    "git": {
      "locked_version": "2.7.0"
    },
    "dmg": {
      "locked_version": "2.0.4"
    },
    "build-essential": {
      "locked_version": "1.4.2"
    },
    "windows": {
      "locked_version": "1.11.0"
    },
    "chef_handler": {
      "locked_version": "1.1.4"
    },
    "runit": {
      "locked_version": "1.3.0"
    }
  }
}
